# This file is autogenerated, do not edit; changes may be undone by the next 'dep ensure'.


[[projects]]
  branch = "master"
  name = "github.com/gocarina/gocsv"
  packages = ["."]
  revision = "7099e67763c29f812fa2ed7083f32e38be60125a"

[[projects]]
  branch = "master"
  name = "github.com/lib/pq"
  packages = [".","oid"]
  revision = "8c6ee72f3e6bcb1542298dd5f76cb74af9742cec"

[[projects]]
  name = "github.com/mattn/go-sqlite3"
  packages = ["."]
  revision = "5160b48509cf5c877bc22c11c373f8c7738cdb38"
  version = "v1.3.0"

[[projects]]
  branch = "master"
  name = "golang.org/x/net"
  packages = ["context"]
  revision = "a337091b0525af65de94df2eb7e98bd9962dcbe2"

[[projects]]
  name = "upper.io/db.v3"
  packages = [".","internal/cache","internal/cache/hashstructure","internal/immutable","internal/sqladapter","internal/sqladapter/compat","internal/sqladapter/exql","lib/reflectx","lib/sqlbuilder","postgresql","sqlite"]
  revision = "4ceccb1227aba5fc0f71ca3adc5dd759dfbc093e"
  version = "v3.5.0"

[solve-meta]
  analyzer-name = "dep"
  analyzer-version = 1
  inputs-digest = "ae8135121c258baebdd81565b50ae1c6a892d34b75ac4d990ce3c27fa8583215"
  solver-name = "gps-cdcl"
  solver-version = 1
