# This file is autogenerated, do not edit; changes may be undone by the next 'dep ensure'.


[[projects]]
  name = "github.com/go-sql-driver/mysql"
  packages = ["."]
  revision = "a0583e0143b1624142adab07e0e97fe106d99561"
  version = "v1.3"

[[projects]]
  branch = "master"
  name = "github.com/gocarina/gocsv"
  packages = ["."]
  revision = "7099e67763c29f812fa2ed7083f32e38be60125a"

[[projects]]
  branch = "master"
  name = "github.com/lib/pq"
  packages = [".","oid"]
  revision = "8c6ee72f3e6bcb1542298dd5f76cb74af9742cec"

[[projects]]
  name = "github.com/mattn/go-sqlite3"
  packages = ["."]
  revision = "5160b48509cf5c877bc22c11c373f8c7738cdb38"
  version = "v1.3.0"

[[projects]]
  branch = "master"
  name = "golang.org/x/net"
  packages = ["context"]
  revision = "a337091b0525af65de94df2eb7e98bd9962dcbe2"

[[projects]]
  branch = "v2"
  name = "gopkg.in/mgo.v2"
  packages = [".","bson","internal/json","internal/sasl","internal/scram"]
  revision = "3f83fa5005286a7fe593b055f0d7771a7dce4655"

[[projects]]
  name = "upper.io/db.v3"
  packages = [".","internal/cache","internal/cache/hashstructure","internal/immutable","internal/sqladapter","internal/sqladapter/compat","internal/sqladapter/exql","lib/reflectx","lib/sqlbuilder","mongo","mysql","postgresql","sqlite"]
  revision = "4ceccb1227aba5fc0f71ca3adc5dd759dfbc093e"
  version = "v3.5.0"

[solve-meta]
  analyzer-name = "dep"
  analyzer-version = 1
  inputs-digest = "6bd593feb9d7cf0e337d926ec7a69fc863ddd737cadb1a51a817a2464ed44441"
  solver-name = "gps-cdcl"
  solver-version = 1
